hash: 710d29b0fe932a21f6b0089d4cfeec38c07854ae8c42e12d6bbc8857d61a89c9
updated: 2018-08-07T16:56:25.53249269+08:00
imports:
- name: github.com/boltdb/bolt
  version: 2f1ce7a837dcb8da3ec595b1dac9d0632f0f99e8
- name: github.com/elazarl/goproxy
  version: 947c36da3153ff334e74d9d980de341d25f358ba
- name: github.com/google/go-cmp
  version: 3af367b6b30c263d47e8895973edcca9a49cf029
  subpackages:
  - cmp
  - cmp/cmpopts
  - cmp/internal/diff
  - cmp/internal/function
  - cmp/internal/value
- name: github.com/miekg/dns
  version: 5a2b9fab83ff0f8bfc99684bd5f43a37abe560f1
- name: github.com/sirupsen/logrus
  version: c155da19408a8799da419ed3eeb0cb5db0ad5dbc
  repo: https://github.com/sirupsen/logrus.git
- name: golang.org/x/crypto
  version: 2b6c08872f4b66da917bb4ce98df4f0307330f78
  subpackages:
  - ed25519
  - ed25519/internal/edwards25519
  - ssh/terminal
- name: golang.org/x/net
  version: 1c05540f6879653db88113bc4a2b70aec4bd491f
  subpackages:
  - bpf
  - internal/iana
  - internal/socket
  - ipv4
  - ipv6
  - proxy
- name: golang.org/x/sys
  version: 95c6576299259db960f6c5b9b69ea52422860fce
  subpackages:
  - unix
  - windows
- name: gopkg.in/urfave/cli.v2
  version: d3ae77c26ac8db90639677e4831a728d33c36111
testImports:
- name: github.com/davecgh/go-spew
  version: 8991bc29aa16c548c550c7ff78260e27b9ab7c73
  subpackages:
  - spew
- name: github.com/pmezard/go-difflib
  version: 792786c7400a136282c1664665ae0a8db921c6c2
  subpackages:
  - difflib
- name: github.com/stretchr/testify
  version: f35b8ab0b5a2cef36673838d662e249dd9c94686
  subpackages:
  - assert
