hash: 2e314ded266d9eb20d49660a3f789f60cf74dac2d97a74c88e71cb7801ce6668
updated: 2018-01-16T15:38:03.690568147Z
imports:
- name: github.com/boltdb/bolt
  version: 2f1ce7a837dcb8da3ec595b1dac9d0632f0f99e8
- name: github.com/miekg/dns
  version: 5ec25f2a5044291b6c8abf43ed8a201da241e69e
- name: github.com/sirupsen/logrus
  version: d682213848ed68c0a260ca37d6dd5ace8423f5ba
- name: github.com/wrfly/goproxy
  version: 104ea0174d4568c542c1ae80509c56dfab16cb91
- name: golang.org/x/crypto
  version: 13931e22f9e72ea58bb73048bc752b48c6d4d4ac
  subpackages:
  - ed25519
  - ed25519/internal/edwards25519
  - ssh/terminal
- name: golang.org/x/net
  version: 5ccada7d0a7ba9aeb5d3aca8d3501b4c2a509fec
  subpackages:
  - bpf
  - internal/iana
  - internal/socket
  - ipv4
  - ipv6
  - proxy
- name: golang.org/x/sys
  version: fff93fa7cd278d84afc205751523809c464168ab
  subpackages:
  - unix
  - windows
- name: gopkg.in/urfave/cli.v2
  version: b2bf3c5abeb90da407891aecd1df2c5a1f6170c1
testImports:
- name: github.com/davecgh/go-spew
  version: ecdeabc65495df2dec95d7c4a4c3e021903035e5
  subpackages:
  - spew
- name: github.com/pmezard/go-difflib
  version: 792786c7400a136282c1664665ae0a8db921c6c2
  subpackages:
  - difflib
- name: github.com/stretchr/testify
  version: 87b1dfb5b2fa649f52695dd9eae19abe404a4308
  subpackages:
  - assert